
Microsoft Visual Studio Solution File, Format Version 12.00
# Visual Studio Version 17
VisualStudioVersion = 17.2.32516.85
MinimumVisualStudioVersion = 10.0.40219.1
Project("{FAE04EC0-301F-11D3-BF4B-00C04F79EFBC}") = "Huffman", "Huffman\Huffman.csproj", "{C8C1076B-38E1-418F-A16E-98A90766FB29}"
EndProject
Global
	GlobalSection(SolutionConfigurationPlatforms) = preSolution
		Debug|Any CPU = Debug|Any CPU
		Release|Any CPU = Release|Any CPU
	EndGlobalSection
	GlobalSection(ProjectConfigurationPlatforms) = postSolution
		{C8C1076B-38E1-418F-A16E-98A90766FB29}.Debug|Any CPU.ActiveCfg = Debug|Any CPU
		{C8C1076B-38E1-418F-A16E-98A90766FB29}.Debug|Any CPU.Build.0 = Debug|Any CPU
		{C8C1076B-38E1-418F-A16E-98A90766FB29}.Release|Any CPU.ActiveCfg = Release|Any CPU
		{C8C1076B-38E1-418F-A16E-98A90766FB29}.Release|Any CPU.Build.0 = Release|Any CPU
	EndGlobalSection
	GlobalSection(SolutionProperties) = preSolution
		HideSolutionNode = FALSE
	EndGlobalSection
	GlobalSection(ExtensibilityGlobals) = postSolution
		SolutionGuid = {19B29644-8D34-426C-9902-250C9CCB4942}
	EndGlobalSection
EndGlobal
